
Microsoft Visual Studio Solution File, Format Version 12.00
# Visual Studio Version 17
VisualStudioVersion = 17.9.34728.123
MinimumVisualStudioVersion = 10.0.40219.1
Project("{FAE04EC0-301F-11D3-BF4B-00C04F79EFBC}") = "StudentMarks", "StudentMarks\StudentMarks.csproj", "{7A1E57C6-B459-4D6A-BE9C-7AC4F953AE7F}"
EndProject
Project("{FAE04EC0-301F-11D3-BF4B-00C04F79EFBC}") = "Student.Business", "Student.Business\Student.Business.csproj", "{CADEFF40-61AA-446F-8456-EF7CA94F53A5}"
EndProject
Project("{FAE04EC0-301F-11D3-BF4B-00C04F79EFBC}") = "Student.Model", "Student.Model\Student.Model.csproj", "{ED010F38-A960-4E16-B15A-6798E08FE4E8}"
EndProject
Global
	GlobalSection(SolutionConfigurationPlatforms) = preSolution
		Debug|Any CPU = Debug|Any CPU
		Release|Any CPU = Release|Any CPU
	EndGlobalSection
	GlobalSection(ProjectConfigurationPlatforms) = postSolution
		{7A1E57C6-B459-4D6A-BE9C-7AC4F953AE7F}.Debug|Any CPU.ActiveCfg = Debug|Any CPU
		{7A1E57C6-B459-4D6A-BE9C-7AC4F953AE7F}.Debug|Any CPU.Build.0 = Debug|Any CPU
		{7A1E57C6-B459-4D6A-BE9C-7AC4F953AE7F}.Release|Any CPU.ActiveCfg = Release|Any CPU
		{7A1E57C6-B459-4D6A-BE9C-7AC4F953AE7F}.Release|Any CPU.Build.0 = Release|Any CPU
		{CADEFF40-61AA-446F-8456-EF7CA94F53A5}.Debug|Any CPU.ActiveCfg = Debug|Any CPU
		{CADEFF40-61AA-446F-8456-EF7CA94F53A5}.Debug|Any CPU.Build.0 = Debug|Any CPU
		{CADEFF40-61AA-446F-8456-EF7CA94F53A5}.Release|Any CPU.ActiveCfg = Release|Any CPU
		{CADEFF40-61AA-446F-8456-EF7CA94F53A5}.Release|Any CPU.Build.0 = Release|Any CPU
		{ED010F38-A960-4E16-B15A-6798E08FE4E8}.Debug|Any CPU.ActiveCfg = Debug|Any CPU
		{ED010F38-A960-4E16-B15A-6798E08FE4E8}.Debug|Any CPU.Build.0 = Debug|Any CPU
		{ED010F38-A960-4E16-B15A-6798E08FE4E8}.Release|Any CPU.ActiveCfg = Release|Any CPU
		{ED010F38-A960-4E16-B15A-6798E08FE4E8}.Release|Any CPU.Build.0 = Release|Any CPU
	EndGlobalSection
	GlobalSection(SolutionProperties) = preSolution
		HideSolutionNode = FALSE
	EndGlobalSection
	GlobalSection(ExtensibilityGlobals) = postSolution
		SolutionGuid = {E2DA0B7B-C61B-4EE2-B1B6-9EE08DE9EF25}
	EndGlobalSection
EndGlobal
